
Microsoft Visual Studio Solution File, Format Version 12.00
# Visual Studio Version 17
VisualStudioVersion = 17.3.32929.385
MinimumVisualStudioVersion = 10.0.40219.1
Project("{FAE04EC0-301F-11D3-BF4B-00C04F79EFBC}") = "LuhnAlgoritm", "LuhnAlgoritm\LuhnAlgoritm.csproj", "{3346690E-E660-4D03-A54A-ADB0F88B1018}"
EndProject
Global
	GlobalSection(SolutionConfigurationPlatforms) = preSolution
		Debug|Any CPU = Debug|Any CPU
		Release|Any CPU = Release|Any CPU
	EndGlobalSection
	GlobalSection(ProjectConfigurationPlatforms) = postSolution
		{3346690E-E660-4D03-A54A-ADB0F88B1018}.Debug|Any CPU.ActiveCfg = Debug|Any CPU
		{3346690E-E660-4D03-A54A-ADB0F88B1018}.Debug|Any CPU.Build.0 = Debug|Any CPU
		{3346690E-E660-4D03-A54A-ADB0F88B1018}.Release|Any CPU.ActiveCfg = Release|Any CPU
		{3346690E-E660-4D03-A54A-ADB0F88B1018}.Release|Any CPU.Build.0 = Release|Any CPU
	EndGlobalSection
	GlobalSection(SolutionProperties) = preSolution
		HideSolutionNode = FALSE
	EndGlobalSection
	GlobalSection(ExtensibilityGlobals) = postSolution
		SolutionGuid = {F74D126F-1F07-4BE0-9604-81426952B893}
	EndGlobalSection
EndGlobal
